
Microsoft Visual Studio Solution File, Format Version 12.00
# Visual Studio 15
VisualStudioVersion = 15.0.28307.902
MinimumVisualStudioVersion = 10.0.40219.1
Project("{FAE04EC0-301F-11D3-BF4B-00C04F79EFBC}") = "SimpleTicket", "SimpleTicket\SimpleTicket.csproj", "{17255A92-81CF-4783-9099-520AA147F237}"
EndProject
Project("{FAE04EC0-301F-11D3-BF4B-00C04F79EFBC}") = "SimpleTicket.Tests", "SimpleTicket.Tests\SimpleTicket.Tests.csproj", "{6D8BB743-5146-4983-A7E3-98598BACD5D4}"
EndProject
Global
	GlobalSection(SolutionConfigurationPlatforms) = preSolution
		Debug|Any CPU = Debug|Any CPU
		Release|Any CPU = Release|Any CPU
	EndGlobalSection
	GlobalSection(ProjectConfigurationPlatforms) = postSolution
		{17255A92-81CF-4783-9099-520AA147F237}.Debug|Any CPU.ActiveCfg = Debug|Any CPU
		{17255A92-81CF-4783-9099-520AA147F237}.Debug|Any CPU.Build.0 = Debug|Any CPU
		{17255A92-81CF-4783-9099-520AA147F237}.Release|Any CPU.ActiveCfg = Release|Any CPU
		{17255A92-81CF-4783-9099-520AA147F237}.Release|Any CPU.Build.0 = Release|Any CPU
		{6D8BB743-5146-4983-A7E3-98598BACD5D4}.Debug|Any CPU.ActiveCfg = Debug|Any CPU
		{6D8BB743-5146-4983-A7E3-98598BACD5D4}.Debug|Any CPU.Build.0 = Debug|Any CPU
		{6D8BB743-5146-4983-A7E3-98598BACD5D4}.Release|Any CPU.ActiveCfg = Release|Any CPU
		{6D8BB743-5146-4983-A7E3-98598BACD5D4}.Release|Any CPU.Build.0 = Release|Any CPU
	EndGlobalSection
	GlobalSection(SolutionProperties) = preSolution
		HideSolutionNode = FALSE
	EndGlobalSection
	GlobalSection(ExtensibilityGlobals) = postSolution
		SolutionGuid = {D5E75109-61C4-43C2-87C8-66ED23423A1A}
	EndGlobalSection
EndGlobal
